# THIS IS AN AUTOGENERATED FILE. DO NOT EDIT THIS FILE DIRECTLY.
# yarn lockfile v1


"@cloudflare/workers-types@^3.3.1":
  version "3.3.1"
  resolved "https://registry.yarnpkg.com/@cloudflare/workers-types/-/workers-types-3.3.1.tgz#8847543bda320472252708c29aaf7bac3374e814"
  integrity sha512-GJFDgWd8ZHlr/m+Q2mp4xUl0/FIPpR6kf0Ix2C78E9HeJyUCW0c0w2EKCvgEDFFKB2rkzIX3eBqZCnLsbsw8zQ==

"@iarna/toml@^2.2.5":
  version "2.2.5"
  resolved "https://registry.yarnpkg.com/@iarna/toml/-/toml-2.2.5.tgz#b32366c89b43c6f8cefbdefac778b9c828e3ba8c"
  integrity sha512-trnsAYxU3xnS1gPHPyU961coFyLkh4gAD/0zQ5mymY4yOZ+CYvsPqUbOFSw0aDM4y0tV7tiFxL/1XfXPNC6IPg==

"@miniflare/cache@2.2.0":
  version "2.2.0"
  resolved "https://registry.yarnpkg.com/@miniflare/cache/-/cache-2.2.0.tgz#407f27fb007bd10f805bd1232e0daecaf18898df"
  integrity sha512-N6b4V6fp4V0ljUHWs6+wVAvT94/SUCp6+pn3wnizjnYQhDE9ns8KJHu6zOTi+OkZUezjdUDJK0dqQXIKC/23XA==
  dependencies:
    "@miniflare/core" "2.2.0"
    "@miniflare/shared" "2.2.0"
    http-cache-semantics "^4.1.0"
    undici "4.12.1"

"@miniflare/cli-parser@2.2.0":
  version "2.2.0"
  resolved "https://registry.yarnpkg.com/@miniflare/cli-parser/-/cli-parser-2.2.0.tgz#eea6b4f5e324266fb955f1653914e98801b2bc5b"
  integrity sha512-AeP3hZOQ7/dBosCPh/iL7cwgdUi5EfHA0unGsFULaxuCwBb3RkQd5WAq4gzzgHywsFRIQ0+5/j9Mk1wHG2AkJA==
  dependencies:
    "@miniflare/shared" "2.2.0"
    kleur "^4.1.4"

"@miniflare/core@2.2.0":
  version "2.2.0"
  resolved "https://registry.yarnpkg.com/@miniflare/core/-/core-2.2.0.tgz#ec45606ca2864612a455b91df74d57c2a279f866"
  integrity sha512-CJwYhyXQ7si0ALZ4wB/vFAo0sHcyaMR7A8oQb6HaZ8XKhaKkzA8BmPutMvYVikiW+oRJP3YRcJGuVKibL3TSgA==
  dependencies:
    "@iarna/toml" "^2.2.5"
    "@miniflare/shared" "2.2.0"
    "@miniflare/watcher" "2.2.0"
    busboy "^0.3.1"
    dotenv "^10.0.0"
    kleur "^4.1.4"
    set-cookie-parser "^2.4.8"
    undici "4.12.1"

"@miniflare/durable-objects@2.2.0":
  version "2.2.0"
  resolved "https://registry.yarnpkg.com/@miniflare/durable-objects/-/durable-objects-2.2.0.tgz#1c4633d0433bab3a8192761ea272b18e6affb596"
  integrity sha512-iIRritqTBiTvX5dHPYswc3a6qzi3LPilbFE2HGjHMbqHi+/C4yX9SMfxCU4/6NcXc9xWjMGtJYBk+hgOW+Mvow==
  dependencies:
    "@miniflare/core" "2.2.0"
    "@miniflare/shared" "2.2.0"
    "@miniflare/storage-memory" "2.2.0"
    undici "4.12.1"

"@miniflare/html-rewriter@2.2.0":
  version "2.2.0"
  resolved "https://registry.yarnpkg.com/@miniflare/html-rewriter/-/html-rewriter-2.2.0.tgz#83a3c0af3b4dee4824c8c422579f0a66d3e28522"
  integrity sha512-20qic3swy5bXg63Q96oHBKxHWp5d5GSn2HCZYXlHtODHeVbI/1lYQoD12b9EmE2i+jUZfCJjlinmjonXGyyL+A==
  dependencies:
    "@miniflare/core" "2.2.0"
    "@miniflare/shared" "2.2.0"
    html-rewriter-wasm "^0.4.0"
    undici "4.12.1"

"@miniflare/http-server@2.2.0":
  version "2.2.0"
  resolved "https://registry.yarnpkg.com/@miniflare/http-server/-/http-server-2.2.0.tgz#a6d899532a4c6ae0cd36e5ceac0da7635be44558"
  integrity sha512-nx7xEXKYvPyUpu2HFigD+UEgclipMQzGdTKtm4t6JzsOGYys7Lj7kGjryYaQVtbbJvPKIxqSaViFQDk/QSdosg==
  dependencies:
    "@miniflare/core" "2.2.0"
    "@miniflare/shared" "2.2.0"
    "@miniflare/web-sockets" "2.2.0"
    kleur "^4.1.4"
    selfsigned "^2.0.0"
    undici "4.12.1"
    ws "^8.2.2"
    youch "^2.2.2"

"@miniflare/kv@2.2.0":
  version "2.2.0"
  resolved "https://registry.yarnpkg.com/@miniflare/kv/-/kv-2.2.0.tgz#e9e03d3ba7a85a153a288d46b06f54cab4278f02"
  integrity sha512-x2iUskcNEX74AfDhcZDKMTchNn3hUQyxDrzuDSHOv0vWRxDctmqYh5VxZVUGiaFvrbNN2+XgkgxXNY6TxrsfNQ==
  dependencies:
    "@miniflare/shared" "2.2.0"

"@miniflare/runner-vm@2.2.0":
  version "2.2.0"
  resolved "https://registry.yarnpkg.com/@miniflare/runner-vm/-/runner-vm-2.2.0.tgz#897042f6e08f2112ae054d9a9f1b07e34c87d721"
  integrity sha512-x58BxIsAB6LcYgqTNVfxTsKFCu4G3Xiuj1k+3ZQ4b8v8TZjuZ3iOJcsrYU0PlbW5JpnRA8IH/mkiFRb/MrLtaQ==
  dependencies:
    "@miniflare/shared" "2.2.0"

"@miniflare/scheduler@2.2.0":
  version "2.2.0"
  resolved "https://registry.yarnpkg.com/@miniflare/scheduler/-/scheduler-2.2.0.tgz#3cc36a9cdfd03374fb880707cad4c9e7ca681622"
  integrity sha512-OqfeSfxEfG3XA6D33C3dUxTUIy425n+BbZe15D2SdfvqUBeBobzOAAp0FbCQiZ5USsDY/zSIu98iSclqPxAn5w==
  dependencies:
    "@miniflare/core" "2.2.0"
    "@miniflare/shared" "2.2.0"
    cron-schedule "^3.0.4"

"@miniflare/shared@2.2.0":
  version "2.2.0"
  resolved "https://registry.yarnpkg.com/@miniflare/shared/-/shared-2.2.0.tgz#a4c79b0919a54c9c3da64c65f05ae813e56988ce"
  integrity sha512-ikz3nkBexVQ16Ioi6naAzK6Spj5O7lUcqIihMLCQKTAAdC252EL0QrBRxHV9MlvkypVNj6MqkoL4E6HcyuCo6g==
  dependencies:
    ignore "^5.1.8"
    kleur "^4.1.4"

"@miniflare/sites@2.2.0":
  version "2.2.0"
  resolved "https://registry.yarnpkg.com/@miniflare/sites/-/sites-2.2.0.tgz#ac984b26c5014846b6a8914c7e6bcdc390ab5a21"
  integrity sha512-UpD5xGqEnwHZ0slvAp+8N60LX1WezXTZVLI599KGIXuthEVkRLgk8PwujabmHisicDoyC3nxITeDExq0DY9G/w==
  dependencies:
    "@miniflare/kv" "2.2.0"
    "@miniflare/shared" "2.2.0"
    "@miniflare/storage-file" "2.2.0"

"@miniflare/storage-file@2.2.0":
  version "2.2.0"
  resolved "https://registry.yarnpkg.com/@miniflare/storage-file/-/storage-file-2.2.0.tgz#22b6bca4896febe85223787877bd85117e223e00"
  integrity sha512-DzBbUmPadDw+nAG31Yn60d1Jg6ksHmXasfnd1g7Whe/D0leFRAsvcEJyVaojzlnuxTabtZAsLMoUjsofvnThzA==
  dependencies:
    "@miniflare/shared" "2.2.0"
    "@miniflare/storage-memory" "2.2.0"

"@miniflare/storage-memory@2.2.0":
  version "2.2.0"
  resolved "https://registry.yarnpkg.com/@miniflare/storage-memory/-/storage-memory-2.2.0.tgz#b89bfdd7a9368138e64e5e1018543da221937308"
  integrity sha512-1Ze2ZGwRFzH+6lLu6hZMTwGYTNioIT07QXvz3ZS/ilpg++cWUtqy2yHnajdJgcnNDNNQ4iVGladC2GNezrLbHg==
  dependencies:
    "@miniflare/shared" "2.2.0"

"@miniflare/watcher@2.2.0":
  version "2.2.0"
  resolved "https://registry.yarnpkg.com/@miniflare/watcher/-/watcher-2.2.0.tgz#adfa5d93aa0df86ed8b83e44f71ebb1cbce4bb13"
  integrity sha512-Myaztj1QaL1IaB04uBLKY8hE1kFtvB65cnKdJPOgjFxIgFzNyqybjlBjxx01Q6vymboFTPrl1Q5+g7fsW3lmfQ==
  dependencies:
    "@miniflare/shared" "2.2.0"

"@miniflare/web-sockets@2.2.0":
  version "2.2.0"
  resolved "https://registry.yarnpkg.com/@miniflare/web-sockets/-/web-sockets-2.2.0.tgz#77c3c3a5c86dcbeee8b5ad8a31904a80dc737531"
  integrity sha512-/GHYuTq6m28udequw4E8IpcFmcEheAcVQ3oZyAvY0ub0by8v4WzYuougiizqYylyQZ0KXyLg8SmPeBNChe82Zw==
  dependencies:
    "@miniflare/core" "2.2.0"
    "@miniflare/shared" "2.2.0"
    undici "4.12.1"
    ws "^8.2.2"

"@sentry/core@6.11.0":
  version "6.11.0"
  resolved "https://registry.yarnpkg.com/@sentry/core/-/core-6.11.0.tgz#40e94043afcf6407a109be26655c77832c64e740"
  integrity sha512-09TB+f3pqEq8LFahFWHO6I/4DxHo+NcS52OkbWMDqEi6oNZRD7PhPn3i14LfjsYVv3u3AESU8oxSEGbFrr2UjQ==
  dependencies:
    "@sentry/hub" "6.11.0"
    "@sentry/minimal" "6.11.0"
    "@sentry/types" "6.11.0"
    "@sentry/utils" "6.11.0"
    tslib "^1.9.3"

"@sentry/hub@6.11.0":
  version "6.11.0"
  resolved "https://registry.yarnpkg.com/@sentry/hub/-/hub-6.11.0.tgz#ddf9ddb0577d1c8290dc02c0242d274fe84d6c16"
  integrity sha512-pT9hf+ZJfVFpoZopoC+yJmFNclr4NPqPcl2cgguqCHb69DklD1NxgBNWK8D6X05qjnNFDF991U6t1mxP9HrGuw==
  dependencies:
    "@sentry/types" "6.11.0"
    "@sentry/utils" "6.11.0"
    tslib "^1.9.3"

"@sentry/minimal@6.11.0":
  version "6.11.0"
  resolved "https://registry.yarnpkg.com/@sentry/minimal/-/minimal-6.11.0.tgz#806d5512658370e40827b3e3663061db708fff33"
  integrity sha512-XkZ7qrdlGp4IM/gjGxf1Q575yIbl5RvPbg+WFeekpo16Ufvzx37Mr8c2xsZaWosISVyE6eyFpooORjUlzy8EDw==
  dependencies:
    "@sentry/hub" "6.11.0"
    "@sentry/types" "6.11.0"
    tslib "^1.9.3"

"@sentry/types@6.11.0":
  version "6.11.0"
  resolved "https://registry.yarnpkg.com/@sentry/types/-/types-6.11.0.tgz#5122685478d32ddacd3a891cbcf550012df85f7c"
  integrity sha512-gm5H9eZhL6bsIy/h3T+/Fzzz2vINhHhqd92CjHle3w7uXdTdFV98i2pDpErBGNTSNzbntqOMifYEB5ENtZAvcg==

"@sentry/utils@6.11.0":
  version "6.11.0"
  resolved "https://registry.yarnpkg.com/@sentry/utils/-/utils-6.11.0.tgz#d1dee4faf4d9c42c54bba88d5a66fb96b902a14c"
  integrity sha512-IOvyFHcnbRQxa++jO+ZUzRvFHEJ1cZjrBIQaNVc0IYF0twUOB5PTP6joTcix38ldaLeapaPZ9LGfudbvYvxkdg==
  dependencies:
    "@sentry/types" "6.11.0"
    tslib "^1.9.3"

"@types/cookie@0.4.1":
  version "0.4.1"
  resolved "https://registry.yarnpkg.com/@types/cookie/-/cookie-0.4.1.tgz#bfd02c1f2224567676c1545199f87c3a861d878d"
  integrity sha512-XW/Aa8APYr6jSVVA1y/DEIZX0/GMKLEVekNG727R8cs56ahETkRAy/3DR7+fJyh7oUgGwNQaRfXCun0+KbWY7Q==

"@types/stack-trace@0.0.29":
  version "0.0.29"
  resolved "https://registry.yarnpkg.com/@types/stack-trace/-/stack-trace-0.0.29.tgz#eb7a7c60098edb35630ed900742a5ecb20cfcb4d"
  integrity sha512-TgfOX+mGY/NyNxJLIbDWrO9DjGoVSW9+aB8H2yy1fy32jsvxijhmyJI9fDFgvz3YP4lvJaq9DzdR/M1bOgVc9g==

"@types/uuid@8.3.1":
  version "8.3.1"
  resolved "https://registry.yarnpkg.com/@types/uuid/-/uuid-8.3.1.tgz#1a32969cf8f0364b3d8c8af9cc3555b7805df14f"
  integrity sha512-Y2mHTRAbqfFkpjldbkHGY8JIzRN6XqYRliG8/24FcHm2D2PwW24fl5xMRTVGdrb7iMrwCaIEbLWerGIkXuFWVg==

buffer-from@^1.0.0:
  version "1.1.2"
  resolved "https://registry.yarnpkg.com/buffer-from/-/buffer-from-1.1.2.tgz#2b146a6fd72e80b4f55d255f35ed59a3a9a41bd5"
  integrity sha512-E+XQCRwSbaaiChtv6k6Dwgc+bx+Bs6vuKJHHl5kox/BaKbhiXzqQOwK4cO22yElGp2OCmjwVhT3HmxgyPGnJfQ==

busboy@^0.3.1:
  version "0.3.1"
  resolved "https://registry.yarnpkg.com/busboy/-/busboy-0.3.1.tgz#170899274c5bf38aae27d5c62b71268cd585fd1b"
  integrity sha512-y7tTxhGKXcyBxRKAni+awqx8uqaJKrSFSNFSeRG5CsWNdmy2BIK+6VGWEW7TZnIO/533mtMEA4rOevQV815YJw==
  dependencies:
    dicer "0.3.0"

cookie@0.4.1, cookie@^0.4.1:
  version "0.4.1"
  resolved "https://registry.yarnpkg.com/cookie/-/cookie-0.4.1.tgz#afd713fe26ebd21ba95ceb61f9a8116e50a537d1"
  integrity sha512-ZwrFkGJxUR3EIoXtO+yVE69Eb7KlixbaeAWfBQB9vVsNn/o+Yw69gBWSSDK825hQNdN+wF8zELf3dFNl/kxkUA==

cron-schedule@^3.0.4:
  version "3.0.4"
  resolved "https://registry.yarnpkg.com/cron-schedule/-/cron-schedule-3.0.4.tgz#9d3c3b6ed9069a77856b287f70ab47da271c14e3"
  integrity sha512-wEspID2dNPfWyh7t2ZvE4Izunzk20QacZg8oZcqfTrN1j5kImj0CEYT3ZGZo+KqGQUgRc9tKlEJmY4uFVt4ccA==

deepmerge@^4.2.2:
  version "4.2.2"
  resolved "https://registry.yarnpkg.com/deepmerge/-/deepmerge-4.2.2.tgz#44d2ea3679b8f4d4ffba33f03d865fc1e7bf4955"
  integrity sha512-FJ3UgI4gIl+PHZm53knsuSFpE+nESMr7M4v9QcgB7S63Kj/6WqMiFQJpBBYz1Pt+66bZpP3Q7Lye0Oo9MPKEdg==

dicer@0.3.0:
  version "0.3.0"
  resolved "https://registry.yarnpkg.com/dicer/-/dicer-0.3.0.tgz#eacd98b3bfbf92e8ab5c2fdb71aaac44bb06b872"
  integrity sha512-MdceRRWqltEG2dZqO769g27N/3PXfcKl04VhYnBlo2YhH7zPi88VebsjTKclaOyiuMaGU72hTfw3VkUitGcVCA==
  dependencies:
    streamsearch "0.1.2"

dom-serializer@^1.0.1:
  version "1.3.2"
  resolved "https://registry.yarnpkg.com/dom-serializer/-/dom-serializer-1.3.2.tgz#6206437d32ceefaec7161803230c7a20bc1b4d91"
  integrity sha512-5c54Bk5Dw4qAxNOI1pFEizPSjVsx5+bpJKmL2kPn8JhBUq2q09tTCa3mjijun2NfK78NMouDYNMBkOrPZiS+ig==
  dependencies:
    domelementtype "^2.0.1"
    domhandler "^4.2.0"
    entities "^2.0.0"

domelementtype@^2.0.1, domelementtype@^2.2.0:
  version "2.2.0"
  resolved "https://registry.yarnpkg.com/domelementtype/-/domelementtype-2.2.0.tgz#9a0b6c2782ed6a1c7323d42267183df9bd8b1d57"
  integrity sha512-DtBMo82pv1dFtUmHyr48beiuq792Sxohr+8Hm9zoxklYPfa6n0Z3Byjj2IV7bmr2IyqClnqEQhfgHJJ5QF0R5A==

domhandler@^4.0.0, domhandler@^4.2.0:
  version "4.2.2"
  resolved "https://registry.yarnpkg.com/domhandler/-/domhandler-4.2.2.tgz#e825d721d19a86b8c201a35264e226c678ee755f"
  integrity sha512-PzE9aBMsdZO8TK4BnuJwH0QT41wgMbRzuZrHUcpYncEjmQazq8QEaBWgLG7ZyC/DAZKEgglpIA6j4Qn/HmxS3w==
  dependencies:
    domelementtype "^2.2.0"

domutils@^2.5.2:
  version "2.8.0"
  resolved "https://registry.yarnpkg.com/domutils/-/domutils-2.8.0.tgz#4437def5db6e2d1f5d6ee859bd95ca7d02048135"
  integrity sha512-w96Cjofp72M5IIhpjgobBimYEfoPjx1Vx0BSX9P30WBdZW2WIKU0T1Bd0kz2eNZ9ikjKgHbEyKx8BB6H1L3h3A==
  dependencies:
    dom-serializer "^1.0.1"
    domelementtype "^2.2.0"
    domhandler "^4.2.0"

dotenv@^10.0.0:
  version "10.0.0"
  resolved "https://registry.yarnpkg.com/dotenv/-/dotenv-10.0.0.tgz#3d4227b8fb95f81096cdd2b66653fb2c7085ba81"
  integrity sha512-rlBi9d8jpv9Sf1klPjNfFAuWDjKLwTIJJ/VxtoTwIR6hnZxcEOQCZg2oIL3MWBYw5GpUDKOEnND7LXTbIpQ03Q==

entities@^2.0.0:
  version "2.2.0"
  resolved "https://registry.yarnpkg.com/entities/-/entities-2.2.0.tgz#098dc90ebb83d8dffa089d55256b351d34c4da55"
  integrity sha512-p92if5Nz619I0w+akJrLZH0MX0Pb5DX39XOwQTtXSdQQOaYH03S1uIQp4mhOZtAXrxq4ViO67YTiLBo2638o9A==

error-stack-parser@^2.0.6:
  version "2.0.6"
  resolved "https://registry.yarnpkg.com/error-stack-parser/-/error-stack-parser-2.0.6.tgz#5a99a707bd7a4c58a797902d48d82803ede6aad8"
  integrity sha512-d51brTeqC+BHlwF0BhPtcYgF5nlzf9ZZ0ZIUQNZpc9ZB9qw5IJ2diTrBY9jlCJkTLITYPjmiX6OWCwH+fuyNgQ==
  dependencies:
    stackframe "^1.1.1"

esbuild-android-arm64@0.14.11:
  version "0.14.11"
  resolved "https://registry.yarnpkg.com/esbuild-android-arm64/-/esbuild-android-arm64-0.14.11.tgz#b8b34e35a5b43880664ac7a3fbc70243d7ed894f"
  integrity sha512-6iHjgvMnC/SzDH8TefL+/3lgCjYWwAd1LixYfmz/TBPbDQlxcuSkX0yiQgcJB9k+ibZ54yjVXziIwGdlc+6WNw==

esbuild-darwin-64@0.14.11:
  version "0.14.11"
  resolved "https://registry.yarnpkg.com/esbuild-darwin-64/-/esbuild-darwin-64-0.14.11.tgz#ba805de98c0412e50fcd0636451797da157b0625"
  integrity sha512-olq84ikh6TiBcrs3FnM4eR5VPPlcJcdW8BnUz/lNoEWYifYQ+Po5DuYV1oz1CTFMw4k6bQIZl8T3yxL+ZT2uvQ==

esbuild-darwin-arm64@0.14.11:
  version "0.14.11"
  resolved "https://registry.yarnpkg.com/esbuild-darwin-arm64/-/esbuild-darwin-arm64-0.14.11.tgz#4d3573e448af76ce33e16231f3d9f878542d6fe8"
  integrity sha512-Jj0ieWLREPBYr/TZJrb2GFH8PVzDqiQWavo1pOFFShrcmHWDBDrlDxPzEZ67NF/Un3t6sNNmeI1TUS/fe1xARg==

esbuild-freebsd-64@0.14.11:
  version "0.14.11"
  resolved "https://registry.yarnpkg.com/esbuild-freebsd-64/-/esbuild-freebsd-64-0.14.11.tgz#9294e6ab359ec93590ab097b0f2017de7c78ab4d"
  integrity sha512-C5sT3/XIztxxz/zwDjPRHyzj/NJFOnakAanXuyfLDwhwupKPd76/PPHHyJx6Po6NI6PomgVp/zi6GRB8PfrOTA==

esbuild-freebsd-arm64@0.14.11:
  version "0.14.11"
  resolved "https://registry.yarnpkg.com/esbuild-freebsd-arm64/-/esbuild-freebsd-arm64-0.14.11.tgz#ae3e0b09173350b66cf8321583c9a1c1fcb8bb55"
  integrity sha512-y3Llu4wbs0bk4cwjsdAtVOesXb6JkdfZDLKMt+v1U3tOEPBdSu6w8796VTksJgPfqvpX22JmPLClls0h5p+L9w==

esbuild-linux-32@0.14.11:
  version "0.14.11"
  resolved "https://registry.yarnpkg.com/esbuild-linux-32/-/esbuild-linux-32-0.14.11.tgz#ddadbc7038aa5a6b1675bb1503cf79a0cbf1229a"
  integrity sha512-Cg3nVsxArjyLke9EuwictFF3Sva+UlDTwHIuIyx8qpxRYAOUTmxr2LzYrhHyTcGOleLGXUXYsnUVwKqnKAgkcg==

esbuild-linux-64@0.14.11:
  version "0.14.11"
  resolved "https://registry.yarnpkg.com/esbuild-linux-64/-/esbuild-linux-64-0.14.11.tgz#d698e3ce3a231ddfeec6b5df8c546ae8883fcd88"
  integrity sha512-oeR6dIrrojr8DKVrxtH3xl4eencmjsgI6kPkDCRIIFwv4p+K7ySviM85K66BN01oLjzthpUMvBVfWSJkBLeRbg==

esbuild-linux-arm64@0.14.11:
  version "0.14.11"
  resolved "https://registry.yarnpkg.com/esbuild-linux-arm64/-/esbuild-linux-arm64-0.14.11.tgz#85faea9fa99ad355b5e3b283197a4dfd0a110fe7"
  integrity sha512-+e6ZCgTFQYZlmg2OqLkg1jHLYtkNDksxWDBWNtI4XG4WxuOCUErLqfEt9qWjvzK3XBcCzHImrajkUjO+rRkbMg==

esbuild-linux-arm@0.14.11:
  version "0.14.11"
  resolved "https://registry.yarnpkg.com/esbuild-linux-arm/-/esbuild-linux-arm-0.14.11.tgz#74cbcf0b8a22c8401bcbcd6ebd4cbf2baca8b7b4"
  integrity sha512-vcwskfD9g0tojux/ZaTJptJQU3a7YgTYsptK1y6LQ/rJmw7U5QJvboNawqM98Ca3ToYEucfCRGbl66OTNtp6KQ==

esbuild-linux-mips64le@0.14.11:
  version "0.14.11"
  resolved "https://registry.yarnpkg.com/esbuild-linux-mips64le/-/esbuild-linux-mips64le-0.14.11.tgz#490429211a3233f5cbbd8575b7758b897e42979a"
  integrity sha512-Rrs99L+p54vepmXIb87xTG6ukrQv+CzrM8eoeR+r/OFL2Rg8RlyEtCeshXJ2+Q66MXZOgPJaokXJZb9snq28bw==

esbuild-linux-ppc64le@0.14.11:
  version "0.14.11"
  resolved "https://registry.yarnpkg.com/esbuild-linux-ppc64le/-/esbuild-linux-ppc64le-0.14.11.tgz#fc79d60710213b5b98345f5b138d48245616827a"
  integrity sha512-JyzziGAI0D30Vyzt0HDihp4s1IUtJ3ssV2zx9O/c+U/dhUHVP2TmlYjzCfCr2Q6mwXTeloDcLS4qkyvJtYptdQ==

esbuild-linux-s390x@0.14.11:
  version "0.14.11"
  resolved "https://registry.yarnpkg.com/esbuild-linux-s390x/-/esbuild-linux-s390x-0.14.11.tgz#ca4b93556bbba6cc95b0644f2ee93c982165ba07"
  integrity sha512-DoThrkzunZ1nfRGoDN6REwmo8ZZWHd2ztniPVIR5RMw/Il9wiWEYBahb8jnMzQaSOxBsGp0PbyJeVLTUatnlcw==

esbuild-netbsd-64@0.14.11:
  version "0.14.11"
  resolved "https://registry.yarnpkg.com/esbuild-netbsd-64/-/esbuild-netbsd-64-0.14.11.tgz#edb340bc6653c88804cac2253e21b74258fce165"
  integrity sha512-12luoRQz+6eihKYh1zjrw0CBa2aw3twIiHV/FAfjh2NEBDgJQOY4WCEUEN+Rgon7xmLh4XUxCQjnwrvf8zhACw==

esbuild-openbsd-64@0.14.11:
  version "0.14.11"
  resolved "https://registry.yarnpkg.com/esbuild-openbsd-64/-/esbuild-openbsd-64-0.14.11.tgz#caeff5f946f79a60ce7bcf88871ca4c71d3476e8"
  integrity sha512-l18TZDjmvwW6cDeR4fmizNoxndyDHamGOOAenwI4SOJbzlJmwfr0jUgjbaXCUuYVOA964siw+Ix+A+bhALWg8Q==

esbuild-sunos-64@0.14.11:
  version "0.14.11"
  resolved "https://registry.yarnpkg.com/esbuild-sunos-64/-/esbuild-sunos-64-0.14.11.tgz#90ce7e1749c2958a53509b4bae7b8f7d98f276d6"
  integrity sha512-bmYzDtwASBB8c+0/HVOAiE9diR7+8zLm/i3kEojUH2z0aIs6x/S4KiTuT5/0VKJ4zk69kXel1cNWlHBMkmavQg==

esbuild-windows-32@0.14.11:
  version "0.14.11"
  resolved "https://registry.yarnpkg.com/esbuild-windows-32/-/esbuild-windows-32-0.14.11.tgz#d067f4ce15b29efba6336e6a23597120fafe49ec"
  integrity sha512-J1Ys5hMid8QgdY00OBvIolXgCQn1ARhYtxPnG6ESWNTty3ashtc4+As5nTrsErnv8ZGUcWZe4WzTP/DmEVX1UQ==

esbuild-windows-64@0.14.11:
  version "0.14.11"
  resolved "https://registry.yarnpkg.com/esbuild-windows-64/-/esbuild-windows-64-0.14.11.tgz#13e86dd37a6cd61a5276fa2d271342d0f74da864"
  integrity sha512-h9FmMskMuGeN/9G9+LlHPAoiQk9jlKDUn9yA0MpiGzwLa82E7r1b1u+h2a+InprbSnSLxDq/7p5YGtYVO85Mlg==

esbuild-windows-arm64@0.14.11:
  version "0.14.11"
  resolved "https://registry.yarnpkg.com/esbuild-windows-arm64/-/esbuild-windows-arm64-0.14.11.tgz#e8edfdf1d712085e6dc3fba18a0c225aaae32b75"
  integrity sha512-dZp7Krv13KpwKklt9/1vBFBMqxEQIO6ri7Azf8C+ob4zOegpJmha2XY9VVWP/OyQ0OWk6cEeIzMJwInRZrzBUQ==

esbuild@^0.14.11:
  version "0.14.11"
  resolved "https://registry.yarnpkg.com/esbuild/-/esbuild-0.14.11.tgz#ac4acb78907874832afb704c3afe58ad37715c27"
  integrity sha512-xZvPtVj6yecnDeFb3KjjCM6i7B5TCAQZT77kkW/CpXTMnd6VLnRPKrUB1XHI1pSq6a4Zcy3BGueQ8VljqjDGCg==
  optionalDependencies:
    esbuild-android-arm64 "0.14.11"
    esbuild-darwin-64 "0.14.11"
    esbuild-darwin-arm64 "0.14.11"
    esbuild-freebsd-64 "0.14.11"
    esbuild-freebsd-arm64 "0.14.11"
    esbuild-linux-32 "0.14.11"
    esbuild-linux-64 "0.14.11"
    esbuild-linux-arm "0.14.11"
    esbuild-linux-arm64 "0.14.11"
    esbuild-linux-mips64le "0.14.11"
    esbuild-linux-ppc64le "0.14.11"
    esbuild-linux-s390x "0.14.11"
    esbuild-netbsd-64 "0.14.11"
    esbuild-openbsd-64 "0.14.11"
    esbuild-sunos-64 "0.14.11"
    esbuild-windows-32 "0.14.11"
    esbuild-windows-64 "0.14.11"
    esbuild-windows-arm64 "0.14.11"

escape-string-regexp@^4.0.0:
  version "4.0.0"
  resolved "https://registry.yarnpkg.com/escape-string-regexp/-/escape-string-regexp-4.0.0.tgz#14ba83a5d373e3d311e5afca29cf5bfad965bf34"
  integrity sha512-TtpcNJ3XAzx3Gq8sWRzJaVajRs0uVxA2YAkdb1jm2YkPz4G6egUFAyA3n5vtEIZefPk5Wa4UXbKuS5fKkJWdgA==

html-rewriter-wasm@^0.4.0:
  version "0.4.0"
  resolved "https://registry.yarnpkg.com/html-rewriter-wasm/-/html-rewriter-wasm-0.4.0.tgz#5113b0216e6f6c121f5ac37706f7995f9e80466e"
  integrity sha512-x3keWzQCFIXTEIuBsF9oDcxg64ZuufuJRDimkTYGB9jwayLCB9KZ8ENsfDdTtUr+G47Gt07g0s10yCjZw2KtXg==

htmlparser2@^6.0.0:
  version "6.1.0"
  resolved "https://registry.yarnpkg.com/htmlparser2/-/htmlparser2-6.1.0.tgz#c4d762b6c3371a05dbe65e94ae43a9f845fb8fb7"
  integrity sha512-gyyPk6rgonLFEDGoeRgQNaEUvdJ4ktTmmUh/h2t7s+M8oPpIPxgNACWa+6ESR57kXstwqPiCut0V8NRpcwgU7A==
  dependencies:
    domelementtype "^2.0.1"
    domhandler "^4.0.0"
    domutils "^2.5.2"
    entities "^2.0.0"

http-cache-semantics@^4.1.0:
  version "4.1.0"
  resolved "https://registry.yarnpkg.com/http-cache-semantics/-/http-cache-semantics-4.1.0.tgz#49e91c5cbf36c9b94bcfcd71c23d5249ec74e390"
  integrity sha512-carPklcUh7ROWRK7Cv27RPtdhYhUsela/ue5/jKzjegVvXDqM2ILE9Q2BGn9JZJh1g87cp56su/FgQSzcWS8cQ==

ignore@^5.1.8:
  version "5.2.0"
  resolved "https://registry.yarnpkg.com/ignore/-/ignore-5.2.0.tgz#6d3bac8fa7fe0d45d9f9be7bac2fc279577e345a"
  integrity sha512-CmxgYGiEPCLhfLnpPp1MoRmifwEIOgjcHXxOBjv7mY96c+eWScsOP9c112ZyLdWHi0FxHjI+4uVhKYp/gcdRmQ==

is-plain-object@^5.0.0:
  version "5.0.0"
  resolved "https://registry.yarnpkg.com/is-plain-object/-/is-plain-object-5.0.0.tgz#4427f50ab3429e9025ea7d52e9043a9ef4159344"
  integrity sha512-VRSzKkbMm5jMDoKLbltAkFQ5Qr7VDiTFGXxYFXXowVj387GeGNOCsOH6Msy00SGZ3Fp84b1Naa1psqgcCIEP5Q==

kleur@^4.1.4:
  version "4.1.4"
  resolved "https://registry.yarnpkg.com/kleur/-/kleur-4.1.4.tgz#8c202987d7e577766d039a8cd461934c01cda04d"
  integrity sha512-8QADVssbrFjivHWQU7KkMgptGTl6WAcSdlbBPY4uNF+mWr6DGcKrvY2w4FQJoXch7+fKMjj0dRrL75vk3k23OA==

miniflare@^2.2.0:
  version "2.2.0"
  resolved "https://registry.yarnpkg.com/miniflare/-/miniflare-2.2.0.tgz#a791d236fb4188477fb226d4f1a5316ae11d67eb"
  integrity sha512-azOKDz9RfyWfDZY4u1k+GaaRuBApfgrRoz99sK/U7ngm0pxL0YRNuHPFSHwezAxw1Oz+KQpwtPClCE0zs7Rqgg==
  dependencies:
    "@miniflare/cache" "2.2.0"
    "@miniflare/cli-parser" "2.2.0"
    "@miniflare/core" "2.2.0"
    "@miniflare/durable-objects" "2.2.0"
    "@miniflare/html-rewriter" "2.2.0"
    "@miniflare/http-server" "2.2.0"
    "@miniflare/kv" "2.2.0"
    "@miniflare/runner-vm" "2.2.0"
    "@miniflare/scheduler" "2.2.0"
    "@miniflare/shared" "2.2.0"
    "@miniflare/sites" "2.2.0"
    "@miniflare/storage-file" "2.2.0"
    "@miniflare/storage-memory" "2.2.0"
    "@miniflare/web-sockets" "2.2.0"
    kleur "^4.1.4"
    semiver "^1.1.0"
    source-map-support "^0.5.20"
    undici "4.12.1"

mustache@^4.2.0:
  version "4.2.0"
  resolved "https://registry.yarnpkg.com/mustache/-/mustache-4.2.0.tgz#e5892324d60a12ec9c2a73359edca52972bf6f64"
  integrity sha512-71ippSywq5Yb7/tVYyGbkBggbU8H3u5Rz56fH60jGFgr8uHwxs+aSKeqmluIVzM0m0kB7xQjKS6qPfd0b2ZoqQ==

nanoid@^3.1.30:
  version "3.1.30"
  resolved "https://registry.yarnpkg.com/nanoid/-/nanoid-3.1.30.tgz#63f93cc548d2a113dc5dfbc63bfa09e2b9b64362"
  integrity sha512-zJpuPDwOv8D2zq2WRoMe1HsfZthVewpel9CAvTfc/2mBD1uUT/agc5f7GHGWXlYkFvi1mVxe4IjvP2HNrop7nQ==

node-forge@^1.2.0:
  version "1.2.1"
  resolved "https://registry.yarnpkg.com/node-forge/-/node-forge-1.2.1.tgz#82794919071ef2eb5c509293325cec8afd0fd53c"
  integrity sha512-Fcvtbb+zBcZXbTTVwqGA5W+MKBj56UjVRevvchv5XrcyXbmNdesfZL37nlcWOfpgHhgmxApw3tQbTr4CqNmX4w==

parse-srcset@^1.0.2:
  version "1.0.2"
  resolved "https://registry.yarnpkg.com/parse-srcset/-/parse-srcset-1.0.2.tgz#f2bd221f6cc970a938d88556abc589caaaa2bde1"
  integrity sha1-8r0iH2zJcKk42IVWq8WJyqqiveE=

picocolors@^1.0.0:
  version "1.0.0"
  resolved "https://registry.yarnpkg.com/picocolors/-/picocolors-1.0.0.tgz#cb5bdc74ff3f51892236eaf79d68bc44564ab81c"
  integrity sha512-1fygroTLlHu66zi26VoTDv8yRgm0Fccecssto+MhsZ0D/DGW2sm8E8AjW7NU5VVTRt5GxbeZ5qBuJr+HyLYkjQ==

postcss@^8.3.11:
  version "8.4.4"
  resolved "https://registry.yarnpkg.com/postcss/-/postcss-8.4.4.tgz#d53d4ec6a75fd62557a66bb41978bf47ff0c2869"
  integrity sha512-joU6fBsN6EIer28Lj6GDFoC/5yOZzLCfn0zHAn/MYXI7aPt4m4hK5KC5ovEZXy+lnCjmYIbQWngvju2ddyEr8Q==
  dependencies:
    nanoid "^3.1.30"
    picocolors "^1.0.0"
    source-map-js "^1.0.1"

sanitize-html@^2.6.0:
  version "2.6.0"
  resolved "https://registry.yarnpkg.com/sanitize-html/-/sanitize-html-2.6.0.tgz#b82df416d0c485df47c8943e68057662c770c869"
  integrity sha512-qc+NqTeaOi/QVAVs5gOY9tqIVk4r1pcUbx1Q2N1a609Os3TNlm85zll2d8g8m/RM6RWg9llir0SpAcePQVIC1w==
  dependencies:
    deepmerge "^4.2.2"
    escape-string-regexp "^4.0.0"
    htmlparser2 "^6.0.0"
    is-plain-object "^5.0.0"
    parse-srcset "^1.0.2"
    postcss "^8.3.11"

selfsigned@^2.0.0:
  version "2.0.0"
  resolved "https://registry.yarnpkg.com/selfsigned/-/selfsigned-2.0.0.tgz#e927cd5377cbb0a1075302cff8df1042cc2bce5b"
  integrity sha512-cUdFiCbKoa1mZ6osuJs2uDHrs0k0oprsKveFiiaBKCNq3SYyb5gs2HxhQyDNLCmL51ZZThqi4YNDpCK6GOP1iQ==
  dependencies:
    node-forge "^1.2.0"

semiver@^1.1.0:
  version "1.1.0"
  resolved "https://registry.yarnpkg.com/semiver/-/semiver-1.1.0.tgz#9c97fb02c21c7ce4fcf1b73e2c7a24324bdddd5f"
  integrity sha512-QNI2ChmuioGC1/xjyYwyZYADILWyW6AmS1UH6gDj/SFUUUS4MBAWs/7mxnkRPc/F4iHezDP+O8t0dO8WHiEOdg==

set-cookie-parser@^2.4.8:
  version "2.4.8"
  resolved "https://registry.yarnpkg.com/set-cookie-parser/-/set-cookie-parser-2.4.8.tgz#d0da0ed388bc8f24e706a391f9c9e252a13c58b2"
  integrity sha512-edRH8mBKEWNVIVMKejNnuJxleqYE/ZSdcT8/Nem9/mmosx12pctd80s2Oy00KNZzrogMZS5mauK2/ymL1bvlvg==

source-map-js@^1.0.1:
  version "1.0.1"
  resolved "https://registry.yarnpkg.com/source-map-js/-/source-map-js-1.0.1.tgz#a1741c131e3c77d048252adfa24e23b908670caf"
  integrity sha512-4+TN2b3tqOCd/kaGRJ/sTYA0tR0mdXx26ipdolxcwtJVqEnqNYvlCAt1q3ypy4QMlYus+Zh34RNtYLoq2oQ4IA==

source-map-support@^0.5.20:
  version "0.5.21"
  resolved "https://registry.yarnpkg.com/source-map-support/-/source-map-support-0.5.21.tgz#04fe7c7f9e1ed2d662233c28cb2b35b9f63f6e4f"
  integrity sha512-uBHU3L3czsIyYXKX88fdrGovxdSCoTGDRZ6SYXtSRxLZUzHg5P/66Ht6uoUlHu9EZod+inXhKo3qQgwXUT/y1w==
  dependencies:
    buffer-from "^1.0.0"
    source-map "^0.6.0"

source-map@0.5.6:
  version "0.5.6"
  resolved "https://registry.yarnpkg.com/source-map/-/source-map-0.5.6.tgz#75ce38f52bf0733c5a7f0c118d81334a2bb5f412"
  integrity sha1-dc449SvwczxafwwRjYEzSiu19BI=

source-map@^0.6.0:
  version "0.6.1"
  resolved "https://registry.yarnpkg.com/source-map/-/source-map-0.6.1.tgz#74722af32e9614e9c287a8d0bbde48b5e2f1a263"
  integrity sha512-UjgapumWlbMhkBgzT7Ykc5YXUT46F0iKu8SGXq0bcwP5dz/h0Plj6enJqjz1Zbq2l5WaqYnrVbwWOWMyF3F47g==

stack-generator@^2.0.5:
  version "2.0.5"
  resolved "https://registry.yarnpkg.com/stack-generator/-/stack-generator-2.0.5.tgz#fb00e5b4ee97de603e0773ea78ce944d81596c36"
  integrity sha512-/t1ebrbHkrLrDuNMdeAcsvynWgoH/i4o8EGGfX7dEYDoTXOYVAkEpFdtshlvabzc6JlJ8Kf9YdFEoz7JkzGN9Q==
  dependencies:
    stackframe "^1.1.1"

stack-trace@0.0.10:
  version "0.0.10"
  resolved "https://registry.yarnpkg.com/stack-trace/-/stack-trace-0.0.10.tgz#547c70b347e8d32b4e108ea1a2a159e5fdde19c0"
  integrity sha1-VHxws0fo0ytOEI6hoqFZ5f3eGcA=

stackframe@^1.1.1:
  version "1.2.0"
  resolved "https://registry.yarnpkg.com/stackframe/-/stackframe-1.2.0.tgz#52429492d63c62eb989804c11552e3d22e779303"
  integrity sha512-GrdeshiRmS1YLMYgzF16olf2jJ/IzxXY9lhKOskuVziubpTYcYqyOwYeJKzQkwy7uN0fYSsbsC4RQaXf9LCrYA==

stacktrace-gps@^3.0.4:
  version "3.0.4"
  resolved "https://registry.yarnpkg.com/stacktrace-gps/-/stacktrace-gps-3.0.4.tgz#7688dc2fc09ffb3a13165ebe0dbcaf41bcf0c69a"
  integrity sha512-qIr8x41yZVSldqdqe6jciXEaSCKw1U8XTXpjDuy0ki/apyTn/r3w9hDAAQOhZdxvsC93H+WwwEu5cq5VemzYeg==
  dependencies:
    source-map "0.5.6"
    stackframe "^1.1.1"

stacktrace-js@2.0.2:
  version "2.0.2"
  resolved "https://registry.yarnpkg.com/stacktrace-js/-/stacktrace-js-2.0.2.tgz#4ca93ea9f494752d55709a081d400fdaebee897b"
  integrity sha512-Je5vBeY4S1r/RnLydLl0TBTi3F2qdfWmYsGvtfZgEI+SCprPppaIhQf5nGcal4gI4cGpCV/duLcAzT1np6sQqg==
  dependencies:
    error-stack-parser "^2.0.6"
    stack-generator "^2.0.5"
    stacktrace-gps "^3.0.4"

streamsearch@0.1.2:
  version "0.1.2"
  resolved "https://registry.yarnpkg.com/streamsearch/-/streamsearch-0.1.2.tgz#808b9d0e56fc273d809ba57338e929919a1a9f1a"
  integrity sha1-gIudDlb8Jz2Am6VzOOkpkZoanxo=

toucan-js@^2.5.0:
  version "2.5.0"
  resolved "https://registry.yarnpkg.com/toucan-js/-/toucan-js-2.5.0.tgz#049cd46237e34720c20607b0aabb564ea4cc1a51"
  integrity sha512-kGC4aBI5ou0L6jIe+CqYxWjobknU7CTsgQOfHMFadSm8KLh/8f2oKgtqcmRB5Iysvai2/4vJDrFXqX/3K4iAjQ==
  dependencies:
    "@sentry/core" "6.11.0"
    "@sentry/hub" "6.11.0"
    "@sentry/types" "6.11.0"
    "@sentry/utils" "6.11.0"
    "@types/cookie" "0.4.1"
    "@types/uuid" "8.3.1"
    cookie "0.4.1"
    stacktrace-js "2.0.2"
    uuid "8.3.2"

tslib@^1.9.3:
  version "1.14.1"
  resolved "https://registry.yarnpkg.com/tslib/-/tslib-1.14.1.tgz#cf2d38bdc34a134bcaf1091c41f6619e2f672d00"
  integrity sha512-Xni35NKzjgMrwevysHTCArtLDpPvye8zV/0E4EyYn43P7/7qvQwPh9BGkHewbMulVntbigmcT7rdX3BNo9wRJg==

typescript@^4.5.5:
  version "4.5.5"
  resolved "https://registry.yarnpkg.com/typescript/-/typescript-4.5.5.tgz#d8c953832d28924a9e3d37c73d729c846c5896f3"
  integrity sha512-TCTIul70LyWe6IJWT8QSYeA54WQe8EjQFU4wY52Fasj5UKx88LNYKCgBEHcOMOrFF1rKGbD8v/xcNWVUq9SymA==

undici@4.12.1:
  version "4.12.1"
  resolved "https://registry.yarnpkg.com/undici/-/undici-4.12.1.tgz#3a7b5fb12f835a96a65397dd94578464b08d1c27"
  integrity sha512-MSfap7YiQJqTPP12C11PFRs9raZuVicDbwsZHTjB0a8+SsCqt7KdUis54f373yf7ZFhJzAkGJLaKm0202OIxHg==

uuid@8.3.2:
  version "8.3.2"
  resolved "https://registry.yarnpkg.com/uuid/-/uuid-8.3.2.tgz#80d5b5ced271bb9af6c445f21a1a04c606cefbe2"
  integrity sha512-+NYs2QeMWy+GWFOEm9xnn6HCDp0l7QBD7ml8zLUmJ+93Q5NF0NocErnwkTkXVFNiX3/fpC6afS8Dhb/gz7R7eg==

ws@^8.2.2:
  version "8.4.2"
  resolved "https://registry.yarnpkg.com/ws/-/ws-8.4.2.tgz#18e749868d8439f2268368829042894b6907aa0b"
  integrity sha512-Kbk4Nxyq7/ZWqr/tarI9yIt/+iNNFOjBXEWgTb4ydaNHBNGgvf2QHbS9fdfsndfjFlFwEd4Al+mw83YkaD10ZA==

youch@^2.2.2:
  version "2.2.2"
  resolved "https://registry.yarnpkg.com/youch/-/youch-2.2.2.tgz#cb87a359a5c524ebd35eb07ca3a1521dbc7e1a3e"
  integrity sha512-/FaCeG3GkuJwaMR34GHVg0l8jCbafZLHiFowSjqLlqhC6OMyf2tPJBu8UirF7/NI9X/R5ai4QfEKUCOxMAGxZQ==
  dependencies:
    "@types/stack-trace" "0.0.29"
    cookie "^0.4.1"
    mustache "^4.2.0"
    stack-trace "0.0.10"
